
Microsoft Visual Studio Solution File, Format Version 12.00
Project("{FAE04EC0-301F-11D3-BF4B-00C04F79EFBC}") = "观察者模式传值", "观察者模式传值\观察者模式传值.csproj", "{AF379BF8-1E4E-430C-ADD4-08414BD76B61}"
EndProject
Global
	GlobalSection(SolutionConfigurationPlatforms) = preSolution
		Debug|Any CPU = Debug|Any CPU
		Release|Any CPU = Release|Any CPU
	EndGlobalSection
	GlobalSection(ProjectConfigurationPlatforms) = postSolution
		{AF379BF8-1E4E-430C-ADD4-08414BD76B61}.Debug|Any CPU.ActiveCfg = Debug|Any CPU
		{AF379BF8-1E4E-430C-ADD4-08414BD76B61}.Debug|Any CPU.Build.0 = Debug|Any CPU
		{AF379BF8-1E4E-430C-ADD4-08414BD76B61}.Release|Any CPU.ActiveCfg = Release|Any CPU
		{AF379BF8-1E4E-430C-ADD4-08414BD76B61}.Release|Any CPU.Build.0 = Release|Any CPU
	EndGlobalSection
EndGlobal
